
Microsoft Visual Studio Solution File, Format Version 12.00
# Visual Studio 15
VisualStudioVersion = 15.0.27703.2035
MinimumVisualStudioVersion = 10.0.40219.1
Project("{FAE04EC0-301F-11D3-BF4B-00C04F79EFBC}") = "Consumer Good", "Consumer Good\Consumer Good.csproj", "{72F5E634-4885-44D8-9E42-E0E9CBC2A892}"
EndProject
Global
	GlobalSection(SolutionConfigurationPlatforms) = preSolution
		Debug|Any CPU = Debug|Any CPU
		Release|Any CPU = Release|Any CPU
	EndGlobalSection
	GlobalSection(ProjectConfigurationPlatforms) = postSolution
		{72F5E634-4885-44D8-9E42-E0E9CBC2A892}.Debug|Any CPU.ActiveCfg = Debug|Any CPU
		{72F5E634-4885-44D8-9E42-E0E9CBC2A892}.Debug|Any CPU.Build.0 = Debug|Any CPU
		{72F5E634-4885-44D8-9E42-E0E9CBC2A892}.Release|Any CPU.ActiveCfg = Release|Any CPU
		{72F5E634-4885-44D8-9E42-E0E9CBC2A892}.Release|Any CPU.Build.0 = Release|Any CPU
	EndGlobalSection
	GlobalSection(SolutionProperties) = preSolution
		HideSolutionNode = FALSE
	EndGlobalSection
	GlobalSection(ExtensibilityGlobals) = postSolution
		SolutionGuid = {85CD65F2-2475-4290-AEB6-93F1A7118AC1}
	EndGlobalSection
EndGlobal
